// !$*UTF8*$!
{
	archiveVersion = 1;
	classes = {
	};
	objectVersion = 46;
	objects = {
/* Begin PBXBuildFile section */
		0207DA581B56EA530066E2B4 /* Images.xcassets in Resources */ = {isa = PBXBuildFile; fileRef = 0207DA571B56EA530066E2B4 /* Images.xcassets */; };
		1D3623260D0F684500981E51 /* AppDelegate.m in Sources */ = {isa = PBXBuildFile; fileRef = 1D3623250D0F684500981E51 /* AppDelegate.m */; };
		1D60589B0D05DD56006BFB54 /* main.m in Sources */ = {isa = PBXBuildFile; fileRef = 29B97316FDCFA39411CA2CEA /* main.m */; };
		301BF552109A68D80062928A /* libCordova.a in Frameworks */ = {isa = PBXBuildFile; fileRef = 301BF535109A57CC0062928A /* libCordova.a */; };
		302D95F114D2391D003F00A1 /* MainViewController.m in Sources */ = {isa = PBXBuildFile; fileRef = 302D95EF14D2391D003F00A1 /* MainViewController.m */; };
		302D95F214D2391D003F00A1 /* MainViewController.xib in Resources */ = {isa = PBXBuildFile; fileRef = 302D95F014D2391D003F00A1 /* MainViewController.xib */; };
		6AFF5BF91D6E424B00AB3073 /* CDVLaunchScreen.storyboard in Resources */ = {isa = PBXBuildFile; fileRef = 6AFF5BF81D6E424B00AB3073 /* CDVLaunchScreen.storyboard */; };
		745A809120A34E118B4A6C0D /* CDVDevice.m in Sources */ = {isa = PBXBuildFile; fileRef = 12DC715069FD4059A535D32B /* CDVDevice.m */; };
		8217822BE5C1442C8A11BD2E /* CDVStatusBar.m in Sources */ = {isa = PBXBuildFile; fileRef = FDE9CEFB72FD4A6385710EAD /* CDVStatusBar.m */; };
		BB396E11B8B84E0393ADBB39 /* CDVSplashScreen.m in Sources */ = {isa = PBXBuildFile; fileRef = 18D3E7126EBC4E24BBC429CA /* CDVSplashScreen.m */; };
		E998ECFEA3CA49BB9F85362B /* IonicKeyboard.m in Sources */ = {isa = PBXBuildFile; fileRef = 51E7251598C44039B8B03F15 /* IonicKeyboard.m */; };
		FB81F4404592480B826A3A6D /* CDVViewController+SplashScreen.m in Sources */ = {isa = PBXBuildFile; fileRef = DBAB93BF1FD841D48A57B2D1 /* CDVViewController+SplashScreen.m */; };
		0C97D8AAC0C94CAE8AB926D9 /* UIImage+CropScaleOrientation.m in Sources */ = {isa = PBXBuildFile; fileRef = 9D549AA7B5E041E89461C8DB /* UIImage+CropScaleOrientation.m */; };
		76828972699E4104B1D319A3 /* CDVCamera.m in Sources */ = {isa = PBXBuildFile; fileRef = 17CC721D3EFE45B989340EAC /* CDVCamera.m */; };
		8802BA657043442984A942B1 /* CDVJpegHeaderWriter.m in Sources */ = {isa = PBXBuildFile; fileRef = A6DDF819997B4AB78814EAEF /* CDVJpegHeaderWriter.m */; };
		7A286F287A1544B7815D459A /* ImageIO.framework in Frameworks */ = {isa = PBXBuildFile; fileRef = 6774EA4D3B224CBAAB52F94A /* ImageIO.framework */; settings = {ATTRIBUTES = (Weak, ); }; };
		E14C8BA70B534B27B8CD1377 /* CoreLocation.framework in Frameworks */ = {isa = PBXBuildFile; fileRef = 28D041D8CA694BE98930B034 /* CoreLocation.framework */; };
		80D38AEC5A14423EBE0CAE3D /* AVFoundation.framework in Frameworks */ = {isa = PBXBuildFile; fileRef = B9FA1B1FC07B4836B4EF862B /* AVFoundation.framework */; };
		332FA43C67C84A85A0501AF4 /* CDVFile.m in Sources */ = {isa = PBXBuildFile; fileRef = 73A90E9D50AB4E6CA3536460 /* CDVFile.m */; };
		E6650A7FB91A41B580D83081 /* CDVLocalFilesystem.m in Sources */ = {isa = PBXBuildFile; fileRef = AD2408F8C32C4D6E9598D6C4 /* CDVLocalFilesystem.m */; };
		9AEFFB1341F34DC0AE5B9B1C /* CDVAssetLibraryFilesystem.m in Sources */ = {isa = PBXBuildFile; fileRef = EDC7A93621C243AC99AB13E7 /* CDVAssetLibraryFilesystem.m */; };
		080CF7CB24F946E5A007A094 /* CDVFileTransfer.m in Sources */ = {isa = PBXBuildFile; fileRef = E9ADD487D46641B28EBD966C /* CDVFileTransfer.m */; };
		9D716452D0754C4D99A4DE25 /* CDVLocation.m in Sources */ = {isa = PBXBuildFile; fileRef = AC824722921147D18A8A4F22 /* CDVLocation.m */; };
		779B5CC1518F4FFBBFC05ECC /* SOSPicker.m in Sources */ = {isa = PBXBuildFile; fileRef = E5C0E4BE32624C309971C021 /* SOSPicker.m */; };
		56FB7C8D25DF46E98CCF436C /* ELCAlbumPickerController.m in Sources */ = {isa = PBXBuildFile; fileRef = D5EA98B20DC14AFD9232480E /* ELCAlbumPickerController.m */; };
		188FDE494D13454B9C5CC7A1 /* ELCAsset.m in Sources */ = {isa = PBXBuildFile; fileRef = 74D07AE097714CA58DD10D39 /* ELCAsset.m */; };
		B1C62231170545E39F1188E7 /* ELCAssetCell.m in Sources */ = {isa = PBXBuildFile; fileRef = 4CFF967839F540B8B4E1E727 /* ELCAssetCell.m */; };
		5EF8014122AE429D843038F8 /* ELCAssetTablePicker.m in Sources */ = {isa = PBXBuildFile; fileRef = DEFA3D67D46B457D8830A793 /* ELCAssetTablePicker.m */; };
		0115C85B611A4B46BA143FAC /* ELCImagePickerController.m in Sources */ = {isa = PBXBuildFile; fileRef = 50F3CADE541D4E2B90FA089C /* ELCImagePickerController.m */; };
		92C2D54EC79448B482CF4301 /* ELCAlbumPickerController.xib in Resources */ = {isa = PBXBuildFile; fileRef = 0744D1F5BFB54FDC982F17CE /* ELCAlbumPickerController.xib */; };
		F203E106EB3D4E86957A2941 /* ELCAssetPicker.xib in Resources */ = {isa = PBXBuildFile; fileRef = D9EA0EC049AB4712A7F66576 /* ELCAssetPicker.xib */; };
		A768ECBF524349B4B7F804AB /* ELCAssetTablePicker.xib in Resources */ = {isa = PBXBuildFile; fileRef = ABD0FC04E75C4482BEFCC05E /* ELCAssetTablePicker.xib */; };
		FCD7D61AB7AF4C82BF6443C2 /* Overlay.png in Resources */ = {isa = PBXBuildFile; fileRef = E4B828C2DD194DE881CBDED8 /* Overlay.png */; };
		B3A96991CCC14CC19B6105E2 /* Overlay@2x.png in Resources */ = {isa = PBXBuildFile; fileRef = 4602FE07811E4284A5E98A15 /* Overlay@2x.png */; };
		BD1354D45CA44C3680A6BDCF /* CDVWechat.m in Sources */ = {isa = PBXBuildFile; fileRef = 79D35E8C020C4273AFC44E27 /* CDVWechat.m */; };
		1D08A1559E3E41BC8319DB47 /* libWeChatSDK.a in Frameworks */ = {isa = PBXBuildFile; fileRef = A1D8D471EEBD4CC6AA414E45 /* libWeChatSDK.a */; };
		9AAE1E62BA884562AB6053BA /* libz.tbd in Frameworks */ = {isa = PBXBuildFile; fileRef = 8E434C8475064613AAE8B5E4 /* libz.tbd */; };
		9C6E244EFAEA4C0F89EC8CFA /* libsqlite3.0.tbd in Frameworks */ = {isa = PBXBuildFile; fileRef = 038D43D58C374BE29628E4DF /* libsqlite3.0.tbd */; };
		42B05A69B29E4ED8A686AABC /* CoreTelephony.framework in Frameworks */ = {isa = PBXBuildFile; fileRef = 2DE110F4053F4FFE8561C0AC /* CoreTelephony.framework */; };
		3A3FC6AF5E854B558F2625E7 /* SystemConfiguration.framework in Frameworks */ = {isa = PBXBuildFile; fileRef = 7B0285A02CE6498781CD25D9 /* SystemConfiguration.framework */; };
		EB6466DB1738497582E3EE05 /* Security.framework in Frameworks */ = {isa = PBXBuildFile; fileRef = 74A8E07B738E4109A1F3FC05 /* Security.framework */; };
		0F6D274CFB3148F5A830FAB4 /* CFNetwork.framework in Frameworks */ = {isa = PBXBuildFile; fileRef = FB7DB599E3BB475BBDDDA400 /* CFNetwork.framework */; };
		32FD8BA9A4454D7F9D62B060 /* libstdc++.6.tbd in Frameworks */ = {isa = PBXBuildFile; fileRef = F556455632584DCFA4A52179 /* libstdc++.6.tbd */; };
/* End PBXBuildFile section */

/* Begin PBXContainerItemProxy section */
		186F8C3B1FA73E1C00DA6BAB /* PBXContainerItemProxy */ = {
			isa = PBXContainerItemProxy;
			containerPortal = 301BF52D109A57CC0062928A /* CordovaLib/CordovaLib.xcodeproj */;
			proxyType = 2;
			remoteGlobalIDString = C0C01EB21E3911D50056E6CB;
			remoteInfo = Cordova;
		};
		301BF534109A57CC0062928A /* PBXContainerItemProxy */ = {
			isa = PBXContainerItemProxy;
			containerPortal = 301BF52D109A57CC0062928A /* CordovaLib/CordovaLib.xcodeproj */;
			proxyType = 2;
			remoteGlobalIDString = D2AAC07E0554694100DB518D;
			remoteInfo = CordovaLib;
		};
		301BF550109A68C00062928A /* PBXContainerItemProxy */ = {
			isa = PBXContainerItemProxy;
			containerPortal = 301BF52D109A57CC0062928A /* CordovaLib/CordovaLib.xcodeproj */;
			proxyType = 1;
			remoteGlobalIDString = D2AAC07D0554694100DB518D;
			remoteInfo = CordovaLib;
		};
/* End PBXContainerItemProxy section */

/* Begin PBXFileReference section */
		0207DA571B56EA530066E2B4 /* Images.xcassets */ = {isa = PBXFileReference; lastKnownFileType = folder.assetcatalog; name = Images.xcassets; path = "生态点点/Images.xcassets"; sourceTree = SOURCE_ROOT; };
		1193998633464B53B0A896E0 /* CDVSplashScreen.h */ = {isa = PBXFileReference; explicitFileType = undefined; fileEncoding = 4; includeInIndex = 0; lastKnownFileType = sourcecode.c.h; name = CDVSplashScreen.h; path = "cordova-plugin-splashscreen/CDVSplashScreen.h"; sourceTree = "<group>"; };
		12DC715069FD4059A535D32B /* CDVDevice.m */ = {isa = PBXFileReference; explicitFileType = undefined; fileEncoding = 4; includeInIndex = 0; lastKnownFileType = sourcecode.c.objc; name = CDVDevice.m; path = "cordova-plugin-device/CDVDevice.m"; sourceTree = "<group>"; };
		18D3E7126EBC4E24BBC429CA /* CDVSplashScreen.m */ = {isa = PBXFileReference; explicitFileType = undefined; fileEncoding = 4; includeInIndex = 0; lastKnownFileType = sourcecode.c.objc; name = CDVSplashScreen.m; path = "cordova-plugin-splashscreen/CDVSplashScreen.m"; sourceTree = "<group>"; };
		1D3623240D0F684500981E51 /* AppDelegate.h */ = {isa = PBXFileReference; fileEncoding = 4; lastKnownFileType = sourcecode.c.h; path = AppDelegate.h; sourceTree = "<group>"; };
		1D3623250D0F684500981E51 /* AppDelegate.m */ = {isa = PBXFileReference; fileEncoding = 4; lastKnownFileType = sourcecode.c.objc; path = AppDelegate.m; sourceTree = "<group>"; };
		1D6058910D05DD3D006BFB54 /* 生态点点.app */ = {isa = PBXFileReference; explicitFileType = wrapper.application; includeInIndex = 0; path = "生态点点.app"; sourceTree = BUILT_PRODUCTS_DIR; };
		29B97316FDCFA39411CA2CEA /* main.m */ = {isa = PBXFileReference; fileEncoding = 4; lastKnownFileType = sourcecode.c.objc; path = main.m; sourceTree = "<group>"; };
		301BF52D109A57CC0062928A /* CordovaLib/CordovaLib.xcodeproj */ = {isa = PBXFileReference; lastKnownFileType = "wrapper.pb-project"; path = CordovaLib/CordovaLib.xcodeproj; sourceTree = "<group>"; };
		301BF56E109A69640062928A /* www */ = {isa = PBXFileReference; lastKnownFileType = folder; path = www; sourceTree = SOURCE_ROOT; };
		302D95EE14D2391D003F00A1 /* MainViewController.h */ = {isa = PBXFileReference; fileEncoding = 4; lastKnownFileType = sourcecode.c.h; path = MainViewController.h; sourceTree = "<group>"; };
		302D95EF14D2391D003F00A1 /* MainViewController.m */ = {isa = PBXFileReference; fileEncoding = 4; lastKnownFileType = sourcecode.c.objc; path = MainViewController.m; sourceTree = "<group>"; };
		302D95F014D2391D003F00A1 /* MainViewController.xib */ = {isa = PBXFileReference; fileEncoding = 4; lastKnownFileType = file.xib; path = MainViewController.xib; sourceTree = "<group>"; };
		3047A50F1AB8059700498E2A /* build-debug.xcconfig */ = {isa = PBXFileReference; fileEncoding = 4; lastKnownFileType = text.xcconfig; name = "build-debug.xcconfig"; path = "cordova/build-debug.xcconfig"; sourceTree = SOURCE_ROOT; };
		3047A5101AB8059700498E2A /* build-release.xcconfig */ = {isa = PBXFileReference; fileEncoding = 4; lastKnownFileType = text.xcconfig; name = "build-release.xcconfig"; path = "cordova/build-release.xcconfig"; sourceTree = SOURCE_ROOT; };
		3047A5111AB8059700498E2A /* build.xcconfig */ = {isa = PBXFileReference; fileEncoding = 4; lastKnownFileType = text.xcconfig; name = build.xcconfig; path = cordova/build.xcconfig; sourceTree = SOURCE_ROOT; };
		32CA4F630368D1EE00C91783 /* 生态点点-Prefix.pch */ = {isa = PBXFileReference; fileEncoding = 4; lastKnownFileType = sourcecode.c.h; path = "生态点点-Prefix.pch"; sourceTree = "<group>"; };
		36574512B80140AAAB0811F6 /* IonicKeyboard.h */ = {isa = PBXFileReference; explicitFileType = undefined; fileEncoding = 4; includeInIndex = 0; lastKnownFileType = sourcecode.c.h; name = IonicKeyboard.h; path = "ionic-plugin-keyboard/IonicKeyboard.h"; sourceTree = "<group>"; };
		51E7251598C44039B8B03F15 /* IonicKeyboard.m */ = {isa = PBXFileReference; explicitFileType = undefined; fileEncoding = 4; includeInIndex = 0; lastKnownFileType = sourcecode.c.objc; name = IonicKeyboard.m; path = "ionic-plugin-keyboard/IonicKeyboard.m"; sourceTree = "<group>"; };
		6AFF5BF81D6E424B00AB3073 /* CDVLaunchScreen.storyboard */ = {isa = PBXFileReference; fileEncoding = 4; lastKnownFileType = file.storyboard; name = CDVLaunchScreen.storyboard; path = "生态点点/CDVLaunchScreen.storyboard"; sourceTree = SOURCE_ROOT; };
		8D1107310486CEB800E47090 /* 生态点点-Info.plist */ = {isa = PBXFileReference; fileEncoding = 4; lastKnownFileType = text.plist.xml; name = "生态点点-Info.plist"; path = "生态点点/生态点点-Info.plist"; plistStructureDefinitionIdentifier = "com.apple.xcode.plist.structure-definition.iphone.info-plist"; sourceTree = SOURCE_ROOT; };
		A4AFE33895734C6C86E8CCD9 /* CDVStatusBar.h */ = {isa = PBXFileReference; explicitFileType = undefined; fileEncoding = 4; includeInIndex = 0; lastKnownFileType = sourcecode.c.h; name = CDVStatusBar.h; path = "cordova-plugin-statusbar/CDVStatusBar.h"; sourceTree = "<group>"; };
		A62E8B88A9A04116B04892D6 /* CDVDevice.h */ = {isa = PBXFileReference; explicitFileType = undefined; fileEncoding = 4; includeInIndex = 0; lastKnownFileType = sourcecode.c.h; name = CDVDevice.h; path = "cordova-plugin-device/CDVDevice.h"; sourceTree = "<group>"; };
		D4F22E33708F4106A71B2F82 /* CDVViewController+SplashScreen.h */ = {isa = PBXFileReference; explicitFileType = undefined; fileEncoding = 4; includeInIndex = 0; lastKnownFileType = sourcecode.c.h; name = "CDVViewController+SplashScreen.h"; path = "cordova-plugin-splashscreen/CDVViewController+SplashScreen.h"; sourceTree = "<group>"; };
		DBAB93BF1FD841D48A57B2D1 /* CDVViewController+SplashScreen.m */ = {isa = PBXFileReference; explicitFileType = undefined; fileEncoding = 4; includeInIndex = 0; lastKnownFileType = sourcecode.c.objc; name = "CDVViewController+SplashScreen.m"; path = "cordova-plugin-splashscreen/CDVViewController+SplashScreen.m"; sourceTree = "<group>"; };
		EB87FDF31871DA8E0020F90C /* www */ = {isa = PBXFileReference; lastKnownFileType = folder; name = www; path = ../../www; sourceTree = "<group>"; };
		EB87FDF41871DAF40020F90C /* config.xml */ = {isa = PBXFileReference; lastKnownFileType = text.xml; name = config.xml; path = ../../config.xml; sourceTree = "<group>"; };
		ED33DF2A687741AEAF9F8254 /* Bridging-Header.h */ = {isa = PBXFileReference; fileEncoding = 4; lastKnownFileType = sourcecode.c.h; path = "Bridging-Header.h"; sourceTree = "<group>"; };
		F840E1F0165FE0F500CFE078 /* config.xml */ = {isa = PBXFileReference; lastKnownFileType = text.xml; name = config.xml; path = "生态点点/config.xml"; sourceTree = "<group>"; };
		FDE9CEFB72FD4A6385710EAD /* CDVStatusBar.m */ = {isa = PBXFileReference; explicitFileType = undefined; fileEncoding = 4; includeInIndex = 0; lastKnownFileType = sourcecode.c.objc; name = CDVStatusBar.m; path = "cordova-plugin-statusbar/CDVStatusBar.m"; sourceTree = "<group>"; };
		9D549AA7B5E041E89461C8DB /* UIImage+CropScaleOrientation.m */ = {isa = PBXFileReference; name = "UIImage+CropScaleOrientation.m"; path = "cordova-plugin-camera/UIImage+CropScaleOrientation.m"; sourceTree = "<group>"; fileEncoding = 4; lastKnownFileType = sourcecode.c.objc; explicitFileType = undefined; includeInIndex = 0; };
		17CC721D3EFE45B989340EAC /* CDVCamera.m */ = {isa = PBXFileReference; name = "CDVCamera.m"; path = "cordova-plugin-camera/CDVCamera.m"; sourceTree = "<group>"; fileEncoding = 4; lastKnownFileType = sourcecode.c.objc; explicitFileType = undefined; includeInIndex = 0; };
		A6DDF819997B4AB78814EAEF /* CDVJpegHeaderWriter.m */ = {isa = PBXFileReference; name = "CDVJpegHeaderWriter.m"; path = "cordova-plugin-camera/CDVJpegHeaderWriter.m"; sourceTree = "<group>"; fileEncoding = 4; lastKnownFileType = sourcecode.c.objc; explicitFileType = undefined; includeInIndex = 0; };
		07E037B0254A4443B9B456AB /* UIImage+CropScaleOrientation.h */ = {isa = PBXFileReference; name = "UIImage+CropScaleOrientation.h"; path = "cordova-plugin-camera/UIImage+CropScaleOrientation.h"; sourceTree = "<group>"; fileEncoding = 4; lastKnownFileType = sourcecode.c.h; explicitFileType = undefined; includeInIndex = 0; };
		5A3EC87E364B40A990A678F4 /* CDVCamera.h */ = {isa = PBXFileReference; name = "CDVCamera.h"; path = "cordova-plugin-camera/CDVCamera.h"; sourceTree = "<group>"; fileEncoding = 4; lastKnownFileType = sourcecode.c.h; explicitFileType = undefined; includeInIndex = 0; };
		32A4BD619AFE400482D070C2 /* CDVJpegHeaderWriter.h */ = {isa = PBXFileReference; name = "CDVJpegHeaderWriter.h"; path = "cordova-plugin-camera/CDVJpegHeaderWriter.h"; sourceTree = "<group>"; fileEncoding = 4; lastKnownFileType = sourcecode.c.h; explicitFileType = undefined; includeInIndex = 0; };
		5F8EA99FE69F43B298059B07 /* CDVExif.h */ = {isa = PBXFileReference; name = "CDVExif.h"; path = "cordova-plugin-camera/CDVExif.h"; sourceTree = "<group>"; fileEncoding = 4; lastKnownFileType = sourcecode.c.h; explicitFileType = undefined; includeInIndex = 0; };
		6774EA4D3B224CBAAB52F94A /* ImageIO.framework */ = {isa = PBXFileReference; name = "ImageIO.framework"; path = "System/Library/Frameworks/ImageIO.framework"; sourceTree = SDKROOT; fileEncoding = undefined; lastKnownFileType = wrapper.framework; explicitFileType = undefined; includeInIndex = 0; };
		28D041D8CA694BE98930B034 /* CoreLocation.framework */ = {isa = PBXFileReference; name = "CoreLocation.framework"; path = "System/Library/Frameworks/CoreLocation.framework"; sourceTree = SDKROOT; fileEncoding = undefined; lastKnownFileType = wrapper.framework; explicitFileType = undefined; includeInIndex = 0; };
		B9FA1B1FC07B4836B4EF862B /* AVFoundation.framework */ = {isa = PBXFileReference; name = "AVFoundation.framework"; path = "System/Library/Frameworks/AVFoundation.framework"; sourceTree = SDKROOT; fileEncoding = undefined; lastKnownFileType = wrapper.framework; explicitFileType = undefined; includeInIndex = 0; };
		73A90E9D50AB4E6CA3536460 /* CDVFile.m */ = {isa = PBXFileReference; name = "CDVFile.m"; path = "cordova-plugin-file/CDVFile.m"; sourceTree = "<group>"; fileEncoding = 4; lastKnownFileType = sourcecode.c.objc; explicitFileType = undefined; includeInIndex = 0; };
		AD2408F8C32C4D6E9598D6C4 /* CDVLocalFilesystem.m */ = {isa = PBXFileReference; name = "CDVLocalFilesystem.m"; path = "cordova-plugin-file/CDVLocalFilesystem.m"; sourceTree = "<group>"; fileEncoding = 4; lastKnownFileType = sourcecode.c.objc; explicitFileType = undefined; includeInIndex = 0; };
		EDC7A93621C243AC99AB13E7 /* CDVAssetLibraryFilesystem.m */ = {isa = PBXFileReference; name = "CDVAssetLibraryFilesystem.m"; path = "cordova-plugin-file/CDVAssetLibraryFilesystem.m"; sourceTree = "<group>"; fileEncoding = 4; lastKnownFileType = sourcecode.c.objc; explicitFileType = undefined; includeInIndex = 0; };
		DA0928E9418541F39A55651A /* CDVFile.h */ = {isa = PBXFileReference; name = "CDVFile.h"; path = "cordova-plugin-file/CDVFile.h"; sourceTree = "<group>"; fileEncoding = 4; lastKnownFileType = sourcecode.c.h; explicitFileType = undefined; includeInIndex = 0; };
		3007538BC61948B3A2E90D25 /* CDVLocalFilesystem.h */ = {isa = PBXFileReference; name = "CDVLocalFilesystem.h"; path = "cordova-plugin-file/CDVLocalFilesystem.h"; sourceTree = "<group>"; fileEncoding = 4; lastKnownFileType = sourcecode.c.h; explicitFileType = undefined; includeInIndex = 0; };
		20AD64F55F4D4E188D26D04C /* CDVAssetLibraryFilesystem.h */ = {isa = PBXFileReference; name = "CDVAssetLibraryFilesystem.h"; path = "cordova-plugin-file/CDVAssetLibraryFilesystem.h"; sourceTree = "<group>"; fileEncoding = 4; lastKnownFileType = sourcecode.c.h; explicitFileType = undefined; includeInIndex = 0; };
		E9ADD487D46641B28EBD966C /* CDVFileTransfer.m */ = {isa = PBXFileReference; name = "CDVFileTransfer.m"; path = "cordova-plugin-file-transfer/CDVFileTransfer.m"; sourceTree = "<group>"; fileEncoding = 4; lastKnownFileType = sourcecode.c.objc; explicitFileType = undefined; includeInIndex = 0; };
		0D99133A7D284B19B72CC432 /* CDVFileTransfer.h */ = {isa = PBXFileReference; name = "CDVFileTransfer.h"; path = "cordova-plugin-file-transfer/CDVFileTransfer.h"; sourceTree = "<group>"; fileEncoding = 4; lastKnownFileType = sourcecode.c.h; explicitFileType = undefined; includeInIndex = 0; };
		AC824722921147D18A8A4F22 /* CDVLocation.m */ = {isa = PBXFileReference; name = "CDVLocation.m"; path = "cordova-plugin-geolocation/CDVLocation.m"; sourceTree = "<group>"; fileEncoding = 4; lastKnownFileType = sourcecode.c.objc; explicitFileType = undefined; includeInIndex = 0; };
		6E2B4984F7654682BB31A70E /* CDVLocation.h */ = {isa = PBXFileReference; name = "CDVLocation.h"; path = "cordova-plugin-geolocation/CDVLocation.h"; sourceTree = "<group>"; fileEncoding = 4; lastKnownFileType = sourcecode.c.h; explicitFileType = undefined; includeInIndex = 0; };
		E5C0E4BE32624C309971C021 /* SOSPicker.m */ = {isa = PBXFileReference; name = "SOSPicker.m"; path = "cordova-plugin-image-picker/SOSPicker.m"; sourceTree = "<group>"; fileEncoding = 4; lastKnownFileType = sourcecode.c.objc; explicitFileType = undefined; includeInIndex = 0; };
		D5EA98B20DC14AFD9232480E /* ELCAlbumPickerController.m */ = {isa = PBXFileReference; name = "ELCAlbumPickerController.m"; path = "cordova-plugin-image-picker/ELCAlbumPickerController.m"; sourceTree = "<group>"; fileEncoding = 4; lastKnownFileType = sourcecode.c.objc; explicitFileType = undefined; includeInIndex = 0; };
		74D07AE097714CA58DD10D39 /* ELCAsset.m */ = {isa = PBXFileReference; name = "ELCAsset.m"; path = "cordova-plugin-image-picker/ELCAsset.m"; sourceTree = "<group>"; fileEncoding = 4; lastKnownFileType = sourcecode.c.objc; explicitFileType = undefined; includeInIndex = 0; };
		4CFF967839F540B8B4E1E727 /* ELCAssetCell.m */ = {isa = PBXFileReference; name = "ELCAssetCell.m"; path = "cordova-plugin-image-picker/ELCAssetCell.m"; sourceTree = "<group>"; fileEncoding = 4; lastKnownFileType = sourcecode.c.objc; explicitFileType = undefined; includeInIndex = 0; };
		DEFA3D67D46B457D8830A793 /* ELCAssetTablePicker.m */ = {isa = PBXFileReference; name = "ELCAssetTablePicker.m"; path = "cordova-plugin-image-picker/ELCAssetTablePicker.m"; sourceTree = "<group>"; fileEncoding = 4; lastKnownFileType = sourcecode.c.objc; explicitFileType = undefined; includeInIndex = 0; };
		50F3CADE541D4E2B90FA089C /* ELCImagePickerController.m */ = {isa = PBXFileReference; name = "ELCImagePickerController.m"; path = "cordova-plugin-image-picker/ELCImagePickerController.m"; sourceTree = "<group>"; fileEncoding = 4; lastKnownFileType = sourcecode.c.objc; explicitFileType = undefined; includeInIndex = 0; };
		A366376F99FE4A86AEA5165C /* SOSPicker.h */ = {isa = PBXFileReference; name = "SOSPicker.h"; path = "cordova-plugin-image-picker/SOSPicker.h"; sourceTree = "<group>"; fileEncoding = 4; lastKnownFileType = sourcecode.c.h; explicitFileType = undefined; includeInIndex = 0; };
		3916DAB6201D40F0851A27BA /* ELCAlbumPickerController.h */ = {isa = PBXFileReference; name = "ELCAlbumPickerController.h"; path = "cordova-plugin-image-picker/ELCAlbumPickerController.h"; sourceTree = "<group>"; fileEncoding = 4; lastKnownFileType = sourcecode.c.h; explicitFileType = undefined; includeInIndex = 0; };
		01EF3F4FE23546799E9353EC /* ELCAsset.h */ = {isa = PBXFileReference; name = "ELCAsset.h"; path = "cordova-plugin-image-picker/ELCAsset.h"; sourceTree = "<group>"; fileEncoding = 4; lastKnownFileType = sourcecode.c.h; explicitFileType = undefined; includeInIndex = 0; };
		57E960B4E2B04379A7B337FB /* ELCAssetCell.h */ = {isa = PBXFileReference; name = "ELCAssetCell.h"; path = "cordova-plugin-image-picker/ELCAssetCell.h"; sourceTree = "<group>"; fileEncoding = 4; lastKnownFileType = sourcecode.c.h; explicitFileType = undefined; includeInIndex = 0; };
		DB9289D6FB8241469E45A879 /* ELCAssetPickerFilterDelegate.h */ = {isa = PBXFileReference; name = "ELCAssetPickerFilterDelegate.h"; path = "cordova-plugin-image-picker/ELCAssetPickerFilterDelegate.h"; sourceTree = "<group>"; fileEncoding = 4; lastKnownFileType = sourcecode.c.h; explicitFileType = undefined; includeInIndex = 0; };
		187361C23A8047408FB4B845 /* ELCAssetSelectionDelegate.h */ = {isa = PBXFileReference; name = "ELCAssetSelectionDelegate.h"; path = "cordova-plugin-image-picker/ELCAssetSelectionDelegate.h"; sourceTree = "<group>"; fileEncoding = 4; lastKnownFileType = sourcecode.c.h; explicitFileType = undefined; includeInIndex = 0; };
		71FE043D88304F809CB0EC24 /* ELCAssetTablePicker.h */ = {isa = PBXFileReference; name = "ELCAssetTablePicker.h"; path = "cordova-plugin-image-picker/ELCAssetTablePicker.h"; sourceTree = "<group>"; fileEncoding = 4; lastKnownFileType = sourcecode.c.h; explicitFileType = undefined; includeInIndex = 0; };
		1F3C391B8514446D9E61E4D0 /* ELCImagePickerController.h */ = {isa = PBXFileReference; name = "ELCImagePickerController.h"; path = "cordova-plugin-image-picker/ELCImagePickerController.h"; sourceTree = "<group>"; fileEncoding = 4; lastKnownFileType = sourcecode.c.h; explicitFileType = undefined; includeInIndex = 0; };
		0744D1F5BFB54FDC982F17CE /* ELCAlbumPickerController.xib */ = {isa = PBXFileReference; name = "ELCAlbumPickerController.xib"; path = "ELCAlbumPickerController.xib"; sourceTree = "<group>"; fileEncoding = undefined; lastKnownFileType = file.xib; explicitFileType = undefined; includeInIndex = 0; };
		D9EA0EC049AB4712A7F66576 /* ELCAssetPicker.xib */ = {isa = PBXFileReference; name = "ELCAssetPicker.xib"; path = "ELCAssetPicker.xib"; sourceTree = "<group>"; fileEncoding = undefined; lastKnownFileType = file.xib; explicitFileType = undefined; includeInIndex = 0; };
		ABD0FC04E75C4482BEFCC05E /* ELCAssetTablePicker.xib */ = {isa = PBXFileReference; name = "ELCAssetTablePicker.xib"; path = "ELCAssetTablePicker.xib"; sourceTree = "<group>"; fileEncoding = undefined; lastKnownFileType = file.xib; explicitFileType = undefined; includeInIndex = 0; };
		E4B828C2DD194DE881CBDED8 /* Overlay.png */ = {isa = PBXFileReference; name = "Overlay.png"; path = "Overlay.png"; sourceTree = "<group>"; fileEncoding = undefined; lastKnownFileType = unknown; explicitFileType = undefined; includeInIndex = 0; };
		4602FE07811E4284A5E98A15 /* Overlay@2x.png */ = {isa = PBXFileReference; name = "Overlay@2x.png"; path = "Overlay@2x.png"; sourceTree = "<group>"; fileEncoding = undefined; lastKnownFileType = unknown; explicitFileType = undefined; includeInIndex = 0; };
		79D35E8C020C4273AFC44E27 /* CDVWechat.m */ = {isa = PBXFileReference; name = "CDVWechat.m"; path = "cordova-plugin-wechat/CDVWechat.m"; sourceTree = "<group>"; fileEncoding = 4; lastKnownFileType = sourcecode.c.objc; explicitFileType = undefined; includeInIndex = 0; };
		A1D8D471EEBD4CC6AA414E45 /* libWeChatSDK.a */ = {isa = PBXFileReference; name = "libWeChatSDK.a"; path = "生态点点/Plugins/cordova-plugin-wechat/libWeChatSDK.a"; sourceTree = "<group>"; fileEncoding = undefined; lastKnownFileType = archive.ar; explicitFileType = undefined; includeInIndex = 0; };
		0E4EC4E9FF304C66A4D24693 /* CDVWechat.h */ = {isa = PBXFileReference; name = "CDVWechat.h"; path = "cordova-plugin-wechat/CDVWechat.h"; sourceTree = "<group>"; fileEncoding = 4; lastKnownFileType = sourcecode.c.h; explicitFileType = undefined; includeInIndex = 0; };
		45CC660C7C7C4318B9D98E45 /* WXApi.h */ = {isa = PBXFileReference; name = "WXApi.h"; path = "cordova-plugin-wechat/WXApi.h"; sourceTree = "<group>"; fileEncoding = 4; lastKnownFileType = sourcecode.c.h; explicitFileType = undefined; includeInIndex = 0; };
		933B4E9EBF3D414194032D51 /* WXApiObject.h */ = {isa = PBXFileReference; name = "WXApiObject.h"; path = "cordova-plugin-wechat/WXApiObject.h"; sourceTree = "<group>"; fileEncoding = 4; lastKnownFileType = sourcecode.c.h; explicitFileType = undefined; includeInIndex = 0; };
		8E434C8475064613AAE8B5E4 /* libz.tbd */ = {isa = PBXFileReference; name = "libz.tbd"; path = "usr/lib/libz.tbd"; sourceTree = SDKROOT; fileEncoding = undefined; lastKnownFileType = sourcecode.text-based-dylib-definition; explicitFileType = undefined; includeInIndex = 0; };
		038D43D58C374BE29628E4DF /* libsqlite3.0.tbd */ = {isa = PBXFileReference; name = "libsqlite3.0.tbd"; path = "usr/lib/libsqlite3.0.tbd"; sourceTree = SDKROOT; fileEncoding = undefined; lastKnownFileType = sourcecode.text-based-dylib-definition; explicitFileType = undefined; includeInIndex = 0; };
		2DE110F4053F4FFE8561C0AC /* CoreTelephony.framework */ = {isa = PBXFileReference; name = "CoreTelephony.framework"; path = "System/Library/Frameworks/CoreTelephony.framework"; sourceTree = SDKROOT; fileEncoding = undefined; lastKnownFileType = wrapper.framework; explicitFileType = undefined; includeInIndex = 0; };
		7B0285A02CE6498781CD25D9 /* SystemConfiguration.framework */ = {isa = PBXFileReference; name = "SystemConfiguration.framework"; path = "System/Library/Frameworks/SystemConfiguration.framework"; sourceTree = SDKROOT; fileEncoding = undefined; lastKnownFileType = wrapper.framework; explicitFileType = undefined; includeInIndex = 0; };
		74A8E07B738E4109A1F3FC05 /* Security.framework */ = {isa = PBXFileReference; name = "Security.framework"; path = "System/Library/Frameworks/Security.framework"; sourceTree = SDKROOT; fileEncoding = undefined; lastKnownFileType = wrapper.framework; explicitFileType = undefined; includeInIndex = 0; };
		FB7DB599E3BB475BBDDDA400 /* CFNetwork.framework */ = {isa = PBXFileReference; name = "CFNetwork.framework"; path = "System/Library/Frameworks/CFNetwork.framework"; sourceTree = SDKROOT; fileEncoding = undefined; lastKnownFileType = wrapper.framework; explicitFileType = undefined; includeInIndex = 0; };
		F556455632584DCFA4A52179 /* libstdc++.6.tbd */ = {isa = PBXFileReference; name = "libstdc++.6.tbd"; path = "usr/lib/libstdc++.6.tbd"; sourceTree = SDKROOT; fileEncoding = undefined; lastKnownFileType = sourcecode.text-based-dylib-definition; explicitFileType = undefined; includeInIndex = 0; };
/* End PBXFileReference section */

/* Begin PBXFrameworksBuildPhase section */
		1D60588F0D05DD3D006BFB54 /* Frameworks */ = {
			isa = PBXFrameworksBuildPhase;
			buildActionMask = 2147483647;
			files = (
				301BF552109A68D80062928A /* libCordova.a in Frameworks */,
				7A286F287A1544B7815D459A /* ImageIO.framework in Frameworks */,
				E14C8BA70B534B27B8CD1377 /* CoreLocation.framework in Frameworks */,
				80D38AEC5A14423EBE0CAE3D /* AVFoundation.framework in Frameworks */,
				1D08A1559E3E41BC8319DB47 /* libWeChatSDK.a in Frameworks */,
				9AAE1E62BA884562AB6053BA /* libz.tbd in Frameworks */,
				9C6E244EFAEA4C0F89EC8CFA /* libsqlite3.0.tbd in Frameworks */,
				42B05A69B29E4ED8A686AABC /* CoreTelephony.framework in Frameworks */,
				3A3FC6AF5E854B558F2625E7 /* SystemConfiguration.framework in Frameworks */,
				EB6466DB1738497582E3EE05 /* Security.framework in Frameworks */,
				0F6D274CFB3148F5A830FAB4 /* CFNetwork.framework in Frameworks */,
				32FD8BA9A4454D7F9D62B060 /* libstdc++.6.tbd in Frameworks */,
			);
			runOnlyForDeploymentPostprocessing = 0;
		};
/* End PBXFrameworksBuildPhase section */

/* Begin PBXGroup section */
		080E96DDFE201D6D7F000001 /* Classes */ = {
			isa = PBXGroup;
			children = (
				302D95EE14D2391D003F00A1 /* MainViewController.h */,
				302D95EF14D2391D003F00A1 /* MainViewController.m */,
				302D95F014D2391D003F00A1 /* MainViewController.xib */,
				1D3623240D0F684500981E51 /* AppDelegate.h */,
				1D3623250D0F684500981E51 /* AppDelegate.m */,
			);
			name = Classes;
			path = "生态点点/Classes";
			sourceTree = SOURCE_ROOT;
		};
		19C28FACFE9D520D11CA2CBB /* Products */ = {
			isa = PBXGroup;
			children = (
				1D6058910D05DD3D006BFB54 /* 生态点点.app */,
			);
			name = Products;
			sourceTree = "<group>";
		};
		29B97314FDCFA39411CA2CEA /* CustomTemplate */ = {
			isa = PBXGroup;
			children = (
				EB87FDF41871DAF40020F90C /* config.xml */,
				EB87FDF31871DA8E0020F90C /* www */,
				EB87FDF11871DA420020F90C /* Staging */,
				301BF52D109A57CC0062928A /* CordovaLib/CordovaLib.xcodeproj */,
				080E96DDFE201D6D7F000001 /* Classes */,
				307C750510C5A3420062BCA9 /* Plugins */,
				29B97315FDCFA39411CA2CEA /* Other Sources */,
				29B97317FDCFA39411CA2CEA /* Resources */,
				29B97323FDCFA39411CA2CEA /* Frameworks */,
				19C28FACFE9D520D11CA2CBB /* Products */,
			);
			name = CustomTemplate;
			sourceTree = "<group>";
		};
		29B97315FDCFA39411CA2CEA /* Other Sources */ = {
			isa = PBXGroup;
			children = (
				32CA4F630368D1EE00C91783 /* 生态点点-Prefix.pch */,
				29B97316FDCFA39411CA2CEA /* main.m */,
				ED33DF2A687741AEAF9F8254 /* Bridging-Header.h */,
			);
			name = "Other Sources";
			path = "生态点点";
			sourceTree = "<group>";
		};
		29B97317FDCFA39411CA2CEA /* Resources */ = {
			isa = PBXGroup;
			children = (
				0207DA571B56EA530066E2B4 /* Images.xcassets */,
				3047A50E1AB8057F00498E2A /* config */,
				8D1107310486CEB800E47090 /* 生态点点-Info.plist */,
				6AFF5BF81D6E424B00AB3073 /* CDVLaunchScreen.storyboard */,
				0744D1F5BFB54FDC982F17CE /* ELCAlbumPickerController.xib */,
				D9EA0EC049AB4712A7F66576 /* ELCAssetPicker.xib */,
				ABD0FC04E75C4482BEFCC05E /* ELCAssetTablePicker.xib */,
				E4B828C2DD194DE881CBDED8 /* Overlay.png */,
				4602FE07811E4284A5E98A15 /* Overlay@2x.png */,
			);
			name = Resources;
			path = "生态点点/Resources";
			sourceTree = "<group>";
		};
		29B97323FDCFA39411CA2CEA /* Frameworks */ = {
			isa = PBXGroup;
			children = (
				6774EA4D3B224CBAAB52F94A /* ImageIO.framework */,
				28D041D8CA694BE98930B034 /* CoreLocation.framework */,
				B9FA1B1FC07B4836B4EF862B /* AVFoundation.framework */,
				A1D8D471EEBD4CC6AA414E45 /* libWeChatSDK.a */,
				8E434C8475064613AAE8B5E4 /* libz.tbd */,
				038D43D58C374BE29628E4DF /* libsqlite3.0.tbd */,
				2DE110F4053F4FFE8561C0AC /* CoreTelephony.framework */,
				7B0285A02CE6498781CD25D9 /* SystemConfiguration.framework */,
				74A8E07B738E4109A1F3FC05 /* Security.framework */,
				FB7DB599E3BB475BBDDDA400 /* CFNetwork.framework */,
				F556455632584DCFA4A52179 /* libstdc++.6.tbd */,
			);
			name = Frameworks;
			sourceTree = "<group>";
		};
		301BF52E109A57CC0062928A /* Products */ = {
			isa = PBXGroup;
			children = (
				301BF535109A57CC0062928A /* libCordova.a */,
				186F8C3C1FA73E1C00DA6BAB /* Cordova.framework */,
			);
			name = Products;
			sourceTree = "<group>";
		};
		3047A50E1AB8057F00498E2A /* config */ = {
			isa = PBXGroup;
			children = (
				3047A50F1AB8059700498E2A /* build-debug.xcconfig */,
				3047A5101AB8059700498E2A /* build-release.xcconfig */,
				3047A5111AB8059700498E2A /* build.xcconfig */,
			);
			name = config;
			sourceTree = "<group>";
		};
		307C750510C5A3420062BCA9 /* Plugins */ = {
			isa = PBXGroup;
			children = (
				12DC715069FD4059A535D32B /* CDVDevice.m */,
				A62E8B88A9A04116B04892D6 /* CDVDevice.h */,
				18D3E7126EBC4E24BBC429CA /* CDVSplashScreen.m */,
				DBAB93BF1FD841D48A57B2D1 /* CDVViewController+SplashScreen.m */,
				1193998633464B53B0A896E0 /* CDVSplashScreen.h */,
				D4F22E33708F4106A71B2F82 /* CDVViewController+SplashScreen.h */,
				FDE9CEFB72FD4A6385710EAD /* CDVStatusBar.m */,
				A4AFE33895734C6C86E8CCD9 /* CDVStatusBar.h */,
				51E7251598C44039B8B03F15 /* IonicKeyboard.m */,
				36574512B80140AAAB0811F6 /* IonicKeyboard.h */,
				9D549AA7B5E041E89461C8DB /* UIImage+CropScaleOrientation.m */,
				17CC721D3EFE45B989340EAC /* CDVCamera.m */,
				A6DDF819997B4AB78814EAEF /* CDVJpegHeaderWriter.m */,
				07E037B0254A4443B9B456AB /* UIImage+CropScaleOrientation.h */,
				5A3EC87E364B40A990A678F4 /* CDVCamera.h */,
				32A4BD619AFE400482D070C2 /* CDVJpegHeaderWriter.h */,
				5F8EA99FE69F43B298059B07 /* CDVExif.h */,
				73A90E9D50AB4E6CA3536460 /* CDVFile.m */,
				AD2408F8C32C4D6E9598D6C4 /* CDVLocalFilesystem.m */,
				EDC7A93621C243AC99AB13E7 /* CDVAssetLibraryFilesystem.m */,
				DA0928E9418541F39A55651A /* CDVFile.h */,
				3007538BC61948B3A2E90D25 /* CDVLocalFilesystem.h */,
				20AD64F55F4D4E188D26D04C /* CDVAssetLibraryFilesystem.h */,
				E9ADD487D46641B28EBD966C /* CDVFileTransfer.m */,
				0D99133A7D284B19B72CC432 /* CDVFileTransfer.h */,
				AC824722921147D18A8A4F22 /* CDVLocation.m */,
				6E2B4984F7654682BB31A70E /* CDVLocation.h */,
				E5C0E4BE32624C309971C021 /* SOSPicker.m */,
				D5EA98B20DC14AFD9232480E /* ELCAlbumPickerController.m */,
				74D07AE097714CA58DD10D39 /* ELCAsset.m */,
				4CFF967839F540B8B4E1E727 /* ELCAssetCell.m */,
				DEFA3D67D46B457D8830A793 /* ELCAssetTablePicker.m */,
				50F3CADE541D4E2B90FA089C /* ELCImagePickerController.m */,
				A366376F99FE4A86AEA5165C /* SOSPicker.h */,
				3916DAB6201D40F0851A27BA /* ELCAlbumPickerController.h */,
				01EF3F4FE23546799E9353EC /* ELCAsset.h */,
				57E960B4E2B04379A7B337FB /* ELCAssetCell.h */,
				DB9289D6FB8241469E45A879 /* ELCAssetPickerFilterDelegate.h */,
				187361C23A8047408FB4B845 /* ELCAssetSelectionDelegate.h */,
				71FE043D88304F809CB0EC24 /* ELCAssetTablePicker.h */,
				1F3C391B8514446D9E61E4D0 /* ELCImagePickerController.h */,
				79D35E8C020C4273AFC44E27 /* CDVWechat.m */,
				0E4EC4E9FF304C66A4D24693 /* CDVWechat.h */,
				45CC660C7C7C4318B9D98E45 /* WXApi.h */,
				933B4E9EBF3D414194032D51 /* WXApiObject.h */,
			);
			name = Plugins;
			path = "生态点点/Plugins";
			sourceTree = SOURCE_ROOT;
		};
		EB87FDF11871DA420020F90C /* Staging */ = {
			isa = PBXGroup;
			children = (
				F840E1F0165FE0F500CFE078 /* config.xml */,
				301BF56E109A69640062928A /* www */,
			);
			name = Staging;
			sourceTree = "<group>";
		};
/* End PBXGroup section */

/* Begin PBXNativeTarget section */
		1D6058900D05DD3D006BFB54 /* 生态点点 */ = {
			isa = PBXNativeTarget;
			buildConfigurationList = 1D6058960D05DD3E006BFB54 /* Build configuration list for PBXNativeTarget "生态点点" */;
			buildPhases = (
				304B58A110DAC018002A0835 /* Copy www directory */,
				1D60588D0D05DD3D006BFB54 /* Resources */,
				1D60588E0D05DD3D006BFB54 /* Sources */,
				1D60588F0D05DD3D006BFB54 /* Frameworks */,
			);
			buildRules = (
			);
			dependencies = (
				301BF551109A68C00062928A /* PBXTargetDependency */,
			);
			name = "生态点点";
			productName = "生态点点";
			productReference = 1D6058910D05DD3D006BFB54 /* 生态点点.app */;
			productType = "com.apple.product-type.application";
		};
/* End PBXNativeTarget section */

/* Begin PBXProject section */
		29B97313FDCFA39411CA2CEA /* Project object */ = {
			isa = PBXProject;
			attributes = {
				LastUpgradeCheck = 510;
				TargetAttributes = {
					1D6058900D05DD3D006BFB54 = {
						DevelopmentTeam = Y2NB7C2NRW;
					};
				};
			};
			buildConfigurationList = C01FCF4E08A954540054247B /* Build configuration list for PBXProject "生态点点" */;
			compatibilityVersion = "Xcode 3.2";
			developmentRegion = English;
			hasScannedForEncodings = 1;
			knownRegions = (
				en,
			);
			mainGroup = 29B97314FDCFA39411CA2CEA /* CustomTemplate */;
			projectDirPath = "";
			projectReferences = (
				{
					ProductGroup = 301BF52E109A57CC0062928A /* Products */;
					ProjectRef = 301BF52D109A57CC0062928A /* CordovaLib/CordovaLib.xcodeproj */;
				},
			);
			projectRoot = "";
			targets = (
				1D6058900D05DD3D006BFB54 /* 生态点点 */,
			);
		};
/* End PBXProject section */

/* Begin PBXReferenceProxy section */
		186F8C3C1FA73E1C00DA6BAB /* Cordova.framework */ = {
			isa = PBXReferenceProxy;
			fileType = wrapper.framework;
			path = Cordova.framework;
			remoteRef = 186F8C3B1FA73E1C00DA6BAB /* PBXContainerItemProxy */;
			sourceTree = BUILT_PRODUCTS_DIR;
		};
		301BF535109A57CC0062928A /* libCordova.a */ = {
			isa = PBXReferenceProxy;
			fileType = archive.ar;
			path = libCordova.a;
			remoteRef = 301BF534109A57CC0062928A /* PBXContainerItemProxy */;
			sourceTree = BUILT_PRODUCTS_DIR;
		};
/* End PBXReferenceProxy section */

/* Begin PBXResourcesBuildPhase section */
		1D60588D0D05DD3D006BFB54 /* Resources */ = {
			isa = PBXResourcesBuildPhase;
			buildActionMask = 2147483647;
			files = (
				302D95F214D2391D003F00A1 /* MainViewController.xib in Resources */,
				0207DA581B56EA530066E2B4 /* Images.xcassets in Resources */,
				6AFF5BF91D6E424B00AB3073 /* CDVLaunchScreen.storyboard in Resources */,
				92C2D54EC79448B482CF4301 /* ELCAlbumPickerController.xib in Resources */,
				F203E106EB3D4E86957A2941 /* ELCAssetPicker.xib in Resources */,
				A768ECBF524349B4B7F804AB /* ELCAssetTablePicker.xib in Resources */,
				FCD7D61AB7AF4C82BF6443C2 /* Overlay.png in Resources */,
				B3A96991CCC14CC19B6105E2 /* Overlay@2x.png in Resources */,
			);
			runOnlyForDeploymentPostprocessing = 0;
		};
/* End PBXResourcesBuildPhase section */

/* Begin PBXShellScriptBuildPhase section */
		304B58A110DAC018002A0835 /* Copy www directory */ = {
			isa = PBXShellScriptBuildPhase;
			buildActionMask = 2147483647;
			files = (
			);
			inputPaths = (
			);
			name = "Copy www directory";
			outputPaths = (
			);
			runOnlyForDeploymentPostprocessing = 0;
			shellPath = /bin/sh;
			shellScript = "NODEJS_PATH=/usr/local/bin; NVM_NODE_PATH=~/.nvm/versions/node/`nvm version 2>/dev/null`/bin; N_NODE_PATH=`find /usr/local/n/versions/node/* -maxdepth 0 -type d 2>/dev/null | tail -1`/bin; XCODE_NODE_PATH=`xcode-select --print-path`/usr/share/xcs/Node/bin; PATH=$NODEJS_PATH:$NVM_NODE_PATH:$N_NODE_PATH:$XCODE_NODE_PATH:$PATH && node cordova/lib/copy-www-build-step.js";
			showEnvVarsInLog = 0;
		};
/* End PBXShellScriptBuildPhase section */

/* Begin PBXSourcesBuildPhase section */
		1D60588E0D05DD3D006BFB54 /* Sources */ = {
			isa = PBXSourcesBuildPhase;
			buildActionMask = 2147483647;
			files = (
				1D60589B0D05DD56006BFB54 /* main.m in Sources */,
				1D3623260D0F684500981E51 /* AppDelegate.m in Sources */,
				302D95F114D2391D003F00A1 /* MainViewController.m in Sources */,
				745A809120A34E118B4A6C0D /* CDVDevice.m in Sources */,
				BB396E11B8B84E0393ADBB39 /* CDVSplashScreen.m in Sources */,
				FB81F4404592480B826A3A6D /* CDVViewController+SplashScreen.m in Sources */,
				8217822BE5C1442C8A11BD2E /* CDVStatusBar.m in Sources */,
				E998ECFEA3CA49BB9F85362B /* IonicKeyboard.m in Sources */,
				0C97D8AAC0C94CAE8AB926D9 /* UIImage+CropScaleOrientation.m in Sources */,
				76828972699E4104B1D319A3 /* CDVCamera.m in Sources */,
				8802BA657043442984A942B1 /* CDVJpegHeaderWriter.m in Sources */,
				332FA43C67C84A85A0501AF4 /* CDVFile.m in Sources */,
				E6650A7FB91A41B580D83081 /* CDVLocalFilesystem.m in Sources */,
				9AEFFB1341F34DC0AE5B9B1C /* CDVAssetLibraryFilesystem.m in Sources */,
				080CF7CB24F946E5A007A094 /* CDVFileTransfer.m in Sources */,
				9D716452D0754C4D99A4DE25 /* CDVLocation.m in Sources */,
				779B5CC1518F4FFBBFC05ECC /* SOSPicker.m in Sources */,
				56FB7C8D25DF46E98CCF436C /* ELCAlbumPickerController.m in Sources */,
				188FDE494D13454B9C5CC7A1 /* ELCAsset.m in Sources */,
				B1C62231170545E39F1188E7 /* ELCAssetCell.m in Sources */,
				5EF8014122AE429D843038F8 /* ELCAssetTablePicker.m in Sources */,
				0115C85B611A4B46BA143FAC /* ELCImagePickerController.m in Sources */,
				BD1354D45CA44C3680A6BDCF /* CDVWechat.m in Sources */,
			);
			runOnlyForDeploymentPostprocessing = 0;
		};
/* End PBXSourcesBuildPhase section */

/* Begin PBXTargetDependency section */
		301BF551109A68C00062928A /* PBXTargetDependency */ = {
			isa = PBXTargetDependency;
			name = CordovaLib;
			targetProxy = 301BF550109A68C00062928A /* PBXContainerItemProxy */;
		};
/* End PBXTargetDependency section */

/* Begin XCBuildConfiguration section */
		1D6058940D05DD3E006BFB54 /* Debug */ = {
			isa = XCBuildConfiguration;
			baseConfigurationReference = 3047A50F1AB8059700498E2A /* build-debug.xcconfig */;
			buildSettings = {
				ALWAYS_SEARCH_USER_PATHS = NO;
				ASSETCATALOG_COMPILER_APPICON_NAME = AppIcon;
				ASSETCATALOG_COMPILER_LAUNCHIMAGE_NAME = LaunchImage;
				CLANG_ENABLE_MODULES = YES;
				CLANG_ENABLE_OBJC_ARC = YES;
				COPY_PHASE_STRIP = NO;
				DEVELOPMENT_TEAM = Y2NB7C2NRW;
				GCC_DYNAMIC_NO_PIC = NO;
				GCC_OPTIMIZATION_LEVEL = 0;
				GCC_PRECOMPILE_PREFIX_HEADER = YES;
				GCC_PREFIX_HEADER = "生态点点/生态点点-Prefix.pch";
				GCC_THUMB_SUPPORT = NO;
				GCC_VERSION = "";
				INFOPLIST_FILE = "生态点点/生态点点-Info.plist";
				IPHONEOS_DEPLOYMENT_TARGET = 9.0;
				LD_RUNPATH_SEARCH_PATHS = "@executable_path/Frameworks";
				PRODUCT_NAME = "生态点点";
				TARGETED_DEVICE_FAMILY = "1,2";
				LIBRARY_SEARCH_PATHS = (
					"$(inherited)",
					"\"$(SRCROOT)/生态点点/Plugins/cordova-plugin-wechat\"",
				);
			};
			name = Debug;
		};
		1D6058950D05DD3E006BFB54 /* Release */ = {
			isa = XCBuildConfiguration;
			baseConfigurationReference = 3047A5101AB8059700498E2A /* build-release.xcconfig */;
			buildSettings = {
				ALWAYS_SEARCH_USER_PATHS = NO;
				ASSETCATALOG_COMPILER_APPICON_NAME = AppIcon;
				ASSETCATALOG_COMPILER_LAUNCHIMAGE_NAME = LaunchImage;
				CLANG_ENABLE_MODULES = YES;
				CLANG_ENABLE_OBJC_ARC = YES;
				COPY_PHASE_STRIP = YES;
				DEVELOPMENT_TEAM = Y2NB7C2NRW;
				GCC_PRECOMPILE_PREFIX_HEADER = YES;
				GCC_PREFIX_HEADER = "生态点点/生态点点-Prefix.pch";
				GCC_THUMB_SUPPORT = NO;
				GCC_VERSION = "";
				INFOPLIST_FILE = "生态点点/生态点点-Info.plist";
				IPHONEOS_DEPLOYMENT_TARGET = 9.0;
				LD_RUNPATH_SEARCH_PATHS = "@executable_path/Frameworks";
				PRODUCT_NAME = "生态点点";
				TARGETED_DEVICE_FAMILY = "1,2";
				LIBRARY_SEARCH_PATHS = (
					"$(inherited)",
					"\"$(SRCROOT)/生态点点/Plugins/cordova-plugin-wechat\"",
				);
			};
			name = Release;
		};
		C01FCF4F08A954540054247B /* Debug */ = {
			isa = XCBuildConfiguration;
			baseConfigurationReference = 3047A5111AB8059700498E2A /* build.xcconfig */;
			buildSettings = {
				ASSETCATALOG_COMPILER_LAUNCHIMAGE_NAME = LaunchImage;
				CLANG_ENABLE_MODULES = YES;
				CLANG_ENABLE_OBJC_ARC = YES;
				CLANG_WARN_BOOL_CONVERSION = YES;
				CLANG_WARN_CONSTANT_CONVERSION = YES;
				CLANG_WARN_EMPTY_BODY = YES;
				CLANG_WARN_ENUM_CONVERSION = YES;
				CLANG_WARN_INT_CONVERSION = YES;
				CLANG_WARN__DUPLICATE_METHOD_MATCH = YES;
				GCC_C_LANGUAGE_STANDARD = c99;
				GCC_THUMB_SUPPORT = NO;
				GCC_VERSION = "";
				GCC_WARN_ABOUT_RETURN_TYPE = YES;
				GCC_WARN_UNDECLARED_SELECTOR = YES;
				GCC_WARN_UNINITIALIZED_AUTOS = YES;
				GCC_WARN_UNUSED_FUNCTION = YES;
				GCC_WARN_UNUSED_VARIABLE = YES;
				ONLY_ACTIVE_ARCH = YES;
				SDKROOT = iphoneos;
				SKIP_INSTALL = NO;
			};
			name = Debug;
		};
		C01FCF5008A954540054247B /* Release */ = {
			isa = XCBuildConfiguration;
			baseConfigurationReference = 3047A5111AB8059700498E2A /* build.xcconfig */;
			buildSettings = {
				ASSETCATALOG_COMPILER_LAUNCHIMAGE_NAME = LaunchImage;
				CLANG_ENABLE_MODULES = YES;
				CLANG_ENABLE_OBJC_ARC = YES;
				CLANG_WARN_BOOL_CONVERSION = YES;
				CLANG_WARN_CONSTANT_CONVERSION = YES;
				CLANG_WARN_EMPTY_BODY = YES;
				CLANG_WARN_ENUM_CONVERSION = YES;
				CLANG_WARN_INT_CONVERSION = YES;
				CLANG_WARN__DUPLICATE_METHOD_MATCH = YES;
				GCC_C_LANGUAGE_STANDARD = c99;
				GCC_THUMB_SUPPORT = NO;
				GCC_VERSION = "";
				GCC_WARN_ABOUT_RETURN_TYPE = YES;
				GCC_WARN_UNDECLARED_SELECTOR = YES;
				GCC_WARN_UNINITIALIZED_AUTOS = YES;
				GCC_WARN_UNUSED_FUNCTION = YES;
				GCC_WARN_UNUSED_VARIABLE = YES;
				SDKROOT = iphoneos;
				SKIP_INSTALL = NO;
			};
			name = Release;
		};
/* End XCBuildConfiguration section */

/* Begin XCConfigurationList section */
		1D6058960D05DD3E006BFB54 /* Build configuration list for PBXNativeTarget "生态点点" */ = {
			isa = XCConfigurationList;
			buildConfigurations = (
				1D6058940D05DD3E006BFB54 /* Debug */,
				1D6058950D05DD3E006BFB54 /* Release */,
			);
			defaultConfigurationIsVisible = 0;
			defaultConfigurationName = Release;
		};
		C01FCF4E08A954540054247B /* Build configuration list for PBXProject "生态点点" */ = {
			isa = XCConfigurationList;
			buildConfigurations = (
				C01FCF4F08A954540054247B /* Debug */,
				C01FCF5008A954540054247B /* Release */,
			);
			defaultConfigurationIsVisible = 0;
			defaultConfigurationName = Release;
		};
/* End XCConfigurationList section */
	};
	rootObject = 29B97313FDCFA39411CA2CEA /* Project object */;
}
